
Microsoft Visual Studio Solution File, Format Version 12.00
# Visual Studio Version 17
VisualStudioVersion = 17.4.33213.308
MinimumVisualStudioVersion = 10.0.40219.1
Project("{8BC9CEB8-8B4A-11D0-8D11-00A0C91BC942}") = "Code_1_26", "Code_1_26\Code_1_26.vcxproj", "{BB234FB2-9D20-4C9A-9FDB-F259A61B0406}"
EndProject
Global
	GlobalSection(SolutionConfigurationPlatforms) = preSolution
		Debug|x64 = Debug|x64
		Debug|x86 = Debug|x86
		Release|x64 = Release|x64
		Release|x86 = Release|x86
	EndGlobalSection
	GlobalSection(ProjectConfigurationPlatforms) = postSolution
		{BB234FB2-9D20-4C9A-9FDB-F259A61B0406}.Debug|x64.ActiveCfg = Debug|x64
		{BB234FB2-9D20-4C9A-9FDB-F259A61B0406}.Debug|x64.Build.0 = Debug|x64
		{BB234FB2-9D20-4C9A-9FDB-F259A61B0406}.Debug|x86.ActiveCfg = Debug|Win32
		{BB234FB2-9D20-4C9A-9FDB-F259A61B0406}.Debug|x86.Build.0 = Debug|Win32
		{BB234FB2-9D20-4C9A-9FDB-F259A61B0406}.Release|x64.ActiveCfg = Release|x64
		{BB234FB2-9D20-4C9A-9FDB-F259A61B0406}.Release|x64.Build.0 = Release|x64
		{BB234FB2-9D20-4C9A-9FDB-F259A61B0406}.Release|x86.ActiveCfg = Release|Win32
		{BB234FB2-9D20-4C9A-9FDB-F259A61B0406}.Release|x86.Build.0 = Release|Win32
	EndGlobalSection
	GlobalSection(SolutionProperties) = preSolution
		HideSolutionNode = FALSE
	EndGlobalSection
	GlobalSection(ExtensibilityGlobals) = postSolution
		SolutionGuid = {9C6820D1-04A4-400B-87B6-69E10F9ECA9D}
	EndGlobalSection
EndGlobal
